
Microsoft Visual Studio Solution File, Format Version 12.00
# Visual Studio 15
VisualStudioVersion = 15.0.26430.16
MinimumVisualStudioVersion = 10.0.40219.1
Project("{FAE04EC0-301F-11D3-BF4B-00C04F79EFBC}") = "OddOccurrences", "OddOccurrences\OddOccurrences.csproj", "{30AC88EB-7443-4743-9277-4497CBC28C21}"
EndProject
Project("{FAE04EC0-301F-11D3-BF4B-00C04F79EFBC}") = "AverageStudentGrades", "AverageStudentGrades\AverageStudentGrades.csproj", "{A25313A5-B389-496B-A011-F98760EBC0D4}"
EndProject
Project("{FAE04EC0-301F-11D3-BF4B-00C04F79EFBC}") = "CitiesByContinentCountry", "CitiesByContinentCountry\CitiesByContinentCountry.csproj", "{68F13BB8-1F3E-4430-83BD-6CC91831A5FF}"
EndProject
Project("{FAE04EC0-301F-11D3-BF4B-00C04F79EFBC}") = "SumMinMaxAverage", "SumMinMaxAverage\SumMinMaxAverage.csproj", "{23DE33C9-FC5F-4946-BB61-A7FF2CB4A025}"
EndProject
Project("{FAE04EC0-301F-11D3-BF4B-00C04F79EFBC}") = "Largest3Nums", "Largest3Nums\Largest3Nums.csproj", "{EC76C6E4-414E-4E29-B85A-454FFDB295A9}"
EndProject
Project("{FAE04EC0-301F-11D3-BF4B-00C04F79EFBC}") = "FoldAndSum", "FoldAndSum\FoldAndSum.csproj", "{5BA1E2B0-2F74-41E7-8756-6374B6708F7B}"
EndProject
Project("{FAE04EC0-301F-11D3-BF4B-00C04F79EFBC}") = "AnonymousCache", "AnonymousCache\AnonymousCache.csproj", "{B29E8FFF-7298-482F-A2DD-15701191AAAE}"
EndProject
Project("{FAE04EC0-301F-11D3-BF4B-00C04F79EFBC}") = "HornetArmada", "HornetArmada\HornetArmada.csproj", "{1DAB2662-3275-4D2B-8340-FDA7EC71BDB9}"
EndProject
Project("{FAE04EC0-301F-11D3-BF4B-00C04F79EFBC}") = "PhoenixOscarRomeoNovember", "PhoenixOscarRomeoNovember\PhoenixOscarRomeoNovember.csproj", "{AF8F09B1-8901-4263-B66C-368470BFAAB2}"
EndProject
Project("{FAE04EC0-301F-11D3-BF4B-00C04F79EFBC}") = "Trainlands", "Trainlands-v2\Trainlands.csproj", "{79FD643C-732F-4FDE-BD12-ADB669FA31BE}"
EndProject
Project("{FAE04EC0-301F-11D3-BF4B-00C04F79EFBC}") = "PokemonEvolution", "PokemonEvolution\PokemonEvolution.csproj", "{39B2E38B-C41E-46FE-8EE2-14AEA8936034}"
EndProject
Project("{FAE04EC0-301F-11D3-BF4B-00C04F79EFBC}") = "PokemonEvolutionV2", "PokemonEvolutionV2\PokemonEvolutionV2.csproj", "{B8B68FBD-5EC9-4162-AC78-13D72D316CC9}"
EndProject
Project("{FAE04EC0-301F-11D3-BF4B-00C04F79EFBC}") = "RoliTheCoder", "RoliTheCoder\RoliTheCoder.csproj", "{ABFC913C-366B-444C-9AF6-7151A2FD185D}"
EndProject
Project("{FAE04EC0-301F-11D3-BF4B-00C04F79EFBC}") = "PokemonEvolutionV3", "PokemonEvolutionV3\PokemonEvolutionV3.csproj", "{50581F2A-567F-44C9-A39D-0D3831977824}"
EndProject
Project("{FAE04EC0-301F-11D3-BF4B-00C04F79EFBC}") = "CubicsMessages", "CubicMessages\CubicsMessages.csproj", "{4296D55E-499F-4A9D-AA39-D65E547801A3}"
EndProject
Project("{FAE04EC0-301F-11D3-BF4B-00C04F79EFBC}") = "WinningTicket", "WinningTicket\WinningTicket.csproj", "{A63E63E3-7B3B-4E62-BFC0-68B4AEEA5EB4}"
EndProject
Project("{FAE04EC0-301F-11D3-BF4B-00C04F79EFBC}") = "Files", "Files\Files.csproj", "{FC125EDF-64B6-404C-9376-F90C71981333}"
EndProject
Project("{FAE04EC0-301F-11D3-BF4B-00C04F79EFBC}") = "RainAir", "..\..\..\..\Desktop\Programming Fundamentals Extended November 2017\ProgrFundamentalsExam10122017\RainAir\RainAir.csproj", "{0E5B8155-7857-4198-A395-A2A4E9B75253}"
EndProject
Project("{FAE04EC0-301F-11D3-BF4B-00C04F79EFBC}") = "RainAir-MyExam", "RainAir-MyExam\RainAir-MyExam.csproj", "{BE0B73EF-C9F3-474D-94A0-B0C4441151B1}"
EndProject
Global
	GlobalSection(SolutionConfigurationPlatforms) = preSolution
		Debug|Any CPU = Debug|Any CPU
		Release|Any CPU = Release|Any CPU
	EndGlobalSection
	GlobalSection(ProjectConfigurationPlatforms) = postSolution
		{30AC88EB-7443-4743-9277-4497CBC28C21}.Debug|Any CPU.ActiveCfg = Debug|Any CPU
		{30AC88EB-7443-4743-9277-4497CBC28C21}.Debug|Any CPU.Build.0 = Debug|Any CPU
		{30AC88EB-7443-4743-9277-4497CBC28C21}.Release|Any CPU.ActiveCfg = Release|Any CPU
		{30AC88EB-7443-4743-9277-4497CBC28C21}.Release|Any CPU.Build.0 = Release|Any CPU
		{A25313A5-B389-496B-A011-F98760EBC0D4}.Debug|Any CPU.ActiveCfg = Debug|Any CPU
		{A25313A5-B389-496B-A011-F98760EBC0D4}.Debug|Any CPU.Build.0 = Debug|Any CPU
		{A25313A5-B389-496B-A011-F98760EBC0D4}.Release|Any CPU.ActiveCfg = Release|Any CPU
		{A25313A5-B389-496B-A011-F98760EBC0D4}.Release|Any CPU.Build.0 = Release|Any CPU
		{68F13BB8-1F3E-4430-83BD-6CC91831A5FF}.Debug|Any CPU.ActiveCfg = Debug|Any CPU
		{68F13BB8-1F3E-4430-83BD-6CC91831A5FF}.Debug|Any CPU.Build.0 = Debug|Any CPU
		{68F13BB8-1F3E-4430-83BD-6CC91831A5FF}.Release|Any CPU.ActiveCfg = Release|Any CPU
		{68F13BB8-1F3E-4430-83BD-6CC91831A5FF}.Release|Any CPU.Build.0 = Release|Any CPU
		{23DE33C9-FC5F-4946-BB61-A7FF2CB4A025}.Debug|Any CPU.ActiveCfg = Debug|Any CPU
		{23DE33C9-FC5F-4946-BB61-A7FF2CB4A025}.Debug|Any CPU.Build.0 = Debug|Any CPU
		{23DE33C9-FC5F-4946-BB61-A7FF2CB4A025}.Release|Any CPU.ActiveCfg = Release|Any CPU
		{23DE33C9-FC5F-4946-BB61-A7FF2CB4A025}.Release|Any CPU.Build.0 = Release|Any CPU
		{EC76C6E4-414E-4E29-B85A-454FFDB295A9}.Debug|Any CPU.ActiveCfg = Debug|Any CPU
		{EC76C6E4-414E-4E29-B85A-454FFDB295A9}.Debug|Any CPU.Build.0 = Debug|Any CPU
		{EC76C6E4-414E-4E29-B85A-454FFDB295A9}.Release|Any CPU.ActiveCfg = Release|Any CPU
		{EC76C6E4-414E-4E29-B85A-454FFDB295A9}.Release|Any CPU.Build.0 = Release|Any CPU
		{5BA1E2B0-2F74-41E7-8756-6374B6708F7B}.Debug|Any CPU.ActiveCfg = Debug|Any CPU
		{5BA1E2B0-2F74-41E7-8756-6374B6708F7B}.Debug|Any CPU.Build.0 = Debug|Any CPU
		{5BA1E2B0-2F74-41E7-8756-6374B6708F7B}.Release|Any CPU.ActiveCfg = Release|Any CPU
		{5BA1E2B0-2F74-41E7-8756-6374B6708F7B}.Release|Any CPU.Build.0 = Release|Any CPU
		{B29E8FFF-7298-482F-A2DD-15701191AAAE}.Debug|Any CPU.ActiveCfg = Debug|Any CPU
		{B29E8FFF-7298-482F-A2DD-15701191AAAE}.Debug|Any CPU.Build.0 = Debug|Any CPU
		{B29E8FFF-7298-482F-A2DD-15701191AAAE}.Release|Any CPU.ActiveCfg = Release|Any CPU
		{B29E8FFF-7298-482F-A2DD-15701191AAAE}.Release|Any CPU.Build.0 = Release|Any CPU
		{1DAB2662-3275-4D2B-8340-FDA7EC71BDB9}.Debug|Any CPU.ActiveCfg = Debug|Any CPU
		{1DAB2662-3275-4D2B-8340-FDA7EC71BDB9}.Debug|Any CPU.Build.0 = Debug|Any CPU
		{1DAB2662-3275-4D2B-8340-FDA7EC71BDB9}.Release|Any CPU.ActiveCfg = Release|Any CPU
		{1DAB2662-3275-4D2B-8340-FDA7EC71BDB9}.Release|Any CPU.Build.0 = Release|Any CPU
		{AF8F09B1-8901-4263-B66C-368470BFAAB2}.Debug|Any CPU.ActiveCfg = Debug|Any CPU
		{AF8F09B1-8901-4263-B66C-368470BFAAB2}.Debug|Any CPU.Build.0 = Debug|Any CPU
		{AF8F09B1-8901-4263-B66C-368470BFAAB2}.Release|Any CPU.ActiveCfg = Release|Any CPU
		{AF8F09B1-8901-4263-B66C-368470BFAAB2}.Release|Any CPU.Build.0 = Release|Any CPU
		{79FD643C-732F-4FDE-BD12-ADB669FA31BE}.Debug|Any CPU.ActiveCfg = Debug|Any CPU
		{79FD643C-732F-4FDE-BD12-ADB669FA31BE}.Debug|Any CPU.Build.0 = Debug|Any CPU
		{79FD643C-732F-4FDE-BD12-ADB669FA31BE}.Release|Any CPU.ActiveCfg = Release|Any CPU
		{79FD643C-732F-4FDE-BD12-ADB669FA31BE}.Release|Any CPU.Build.0 = Release|Any CPU
		{39B2E38B-C41E-46FE-8EE2-14AEA8936034}.Debug|Any CPU.ActiveCfg = Debug|Any CPU
		{39B2E38B-C41E-46FE-8EE2-14AEA8936034}.Debug|Any CPU.Build.0 = Debug|Any CPU
		{39B2E38B-C41E-46FE-8EE2-14AEA8936034}.Release|Any CPU.ActiveCfg = Release|Any CPU
		{39B2E38B-C41E-46FE-8EE2-14AEA8936034}.Release|Any CPU.Build.0 = Release|Any CPU
		{B8B68FBD-5EC9-4162-AC78-13D72D316CC9}.Debug|Any CPU.ActiveCfg = Debug|Any CPU
		{B8B68FBD-5EC9-4162-AC78-13D72D316CC9}.Debug|Any CPU.Build.0 = Debug|Any CPU
		{B8B68FBD-5EC9-4162-AC78-13D72D316CC9}.Release|Any CPU.ActiveCfg = Release|Any CPU
		{B8B68FBD-5EC9-4162-AC78-13D72D316CC9}.Release|Any CPU.Build.0 = Release|Any CPU
		{ABFC913C-366B-444C-9AF6-7151A2FD185D}.Debug|Any CPU.ActiveCfg = Debug|Any CPU
		{ABFC913C-366B-444C-9AF6-7151A2FD185D}.Debug|Any CPU.Build.0 = Debug|Any CPU
		{ABFC913C-366B-444C-9AF6-7151A2FD185D}.Release|Any CPU.ActiveCfg = Release|Any CPU
		{ABFC913C-366B-444C-9AF6-7151A2FD185D}.Release|Any CPU.Build.0 = Release|Any CPU
		{50581F2A-567F-44C9-A39D-0D3831977824}.Debug|Any CPU.ActiveCfg = Debug|Any CPU
		{50581F2A-567F-44C9-A39D-0D3831977824}.Debug|Any CPU.Build.0 = Debug|Any CPU
		{50581F2A-567F-44C9-A39D-0D3831977824}.Release|Any CPU.ActiveCfg = Release|Any CPU
		{50581F2A-567F-44C9-A39D-0D3831977824}.Release|Any CPU.Build.0 = Release|Any CPU
		{4296D55E-499F-4A9D-AA39-D65E547801A3}.Debug|Any CPU.ActiveCfg = Debug|Any CPU
		{4296D55E-499F-4A9D-AA39-D65E547801A3}.Debug|Any CPU.Build.0 = Debug|Any CPU
		{4296D55E-499F-4A9D-AA39-D65E547801A3}.Release|Any CPU.ActiveCfg = Release|Any CPU
		{4296D55E-499F-4A9D-AA39-D65E547801A3}.Release|Any CPU.Build.0 = Release|Any CPU
		{A63E63E3-7B3B-4E62-BFC0-68B4AEEA5EB4}.Debug|Any CPU.ActiveCfg = Debug|Any CPU
		{A63E63E3-7B3B-4E62-BFC0-68B4AEEA5EB4}.Debug|Any CPU.Build.0 = Debug|Any CPU
		{A63E63E3-7B3B-4E62-BFC0-68B4AEEA5EB4}.Release|Any CPU.ActiveCfg = Release|Any CPU
		{A63E63E3-7B3B-4E62-BFC0-68B4AEEA5EB4}.Release|Any CPU.Build.0 = Release|Any CPU
		{FC125EDF-64B6-404C-9376-F90C71981333}.Debug|Any CPU.ActiveCfg = Debug|Any CPU
		{FC125EDF-64B6-404C-9376-F90C71981333}.Debug|Any CPU.Build.0 = Debug|Any CPU
		{FC125EDF-64B6-404C-9376-F90C71981333}.Release|Any CPU.ActiveCfg = Release|Any CPU
		{FC125EDF-64B6-404C-9376-F90C71981333}.Release|Any CPU.Build.0 = Release|Any CPU
		{0E5B8155-7857-4198-A395-A2A4E9B75253}.Debug|Any CPU.ActiveCfg = Debug|Any CPU
		{0E5B8155-7857-4198-A395-A2A4E9B75253}.Debug|Any CPU.Build.0 = Debug|Any CPU
		{0E5B8155-7857-4198-A395-A2A4E9B75253}.Release|Any CPU.ActiveCfg = Release|Any CPU
		{0E5B8155-7857-4198-A395-A2A4E9B75253}.Release|Any CPU.Build.0 = Release|Any CPU
		{BE0B73EF-C9F3-474D-94A0-B0C4441151B1}.Debug|Any CPU.ActiveCfg = Debug|Any CPU
		{BE0B73EF-C9F3-474D-94A0-B0C4441151B1}.Debug|Any CPU.Build.0 = Debug|Any CPU
		{BE0B73EF-C9F3-474D-94A0-B0C4441151B1}.Release|Any CPU.ActiveCfg = Release|Any CPU
		{BE0B73EF-C9F3-474D-94A0-B0C4441151B1}.Release|Any CPU.Build.0 = Release|Any CPU
	EndGlobalSection
	GlobalSection(SolutionProperties) = preSolution
		HideSolutionNode = FALSE
	EndGlobalSection
EndGlobal
